{
  "name": "klub",
  "version": "1.0.0",
  "lockfileVersion": 1,
  "requires": true,
  "dependencies": {
    "@babel/runtime": {
      "version": "7.11.2",
      "resolved": "https://registry.npmjs.org/@babel/runtime/-/runtime-7.11.2.tgz",
      "integrity": "sha512-TeWkU52so0mPtDcaCTxNBI/IHiz0pZgr8VEFqXFtZWpYD08ZB6FaSwVAS8MKRQAP3bYKiVjwysOJgMFY28o6Tw==",
      "requires": {
        "regenerator-runtime": "^0.13.4"
      },
      "dependencies": {
        "regenerator-runtime": {
          "version": "0.13.7",
          "resolved": "https://registry.npmjs.org/regenerator-runtime/-/regenerator-runtime-0.13.7.tgz",
          "integrity": "sha512-a54FxoJDIr27pgf7IgeQGxmqUNYrcV338lf/6gH456HZ/PhX+5BcwHXG9ajESmwe6WRO0tAzRUrRmNONWgkrew=="
        }
      }
    },
    "babel-runtime": {
      "version": "6.26.0",
      "resolved": "https://registry.npmjs.org/babel-runtime/-/babel-runtime-6.26.0.tgz",
      "integrity": "sha1-llxwWGaOgrVde/4E/yM3vItWR/4=",
      "requires": {
        "core-js": "^2.4.0",
        "regenerator-runtime": "^0.11.0"
      }
    },
    "bn.js": {
      "version": "4.11.9",
      "resolved": "https://registry.npmjs.org/bn.js/-/bn.js-4.11.9.tgz",
      "integrity": "sha512-E6QoYqCKZfgatHTdHzs1RRKP7ip4vvm+EyRUeE2RF0NblwVvb0p6jSVeNTOFxPn26QXN2o6SMfNxKp6kU8zQaw=="
    },
    "bootstrap": {
      "version": "3.4.1",
      "resolved": "https://registry.npmjs.org/bootstrap/-/bootstrap-3.4.1.tgz",
      "integrity": "sha512-yN5oZVmRCwe5aKwzRj6736nSmKDX7pLYwsXiCj/EYmo16hODaBiT4En5btW/jhBF/seV+XMx3aYwukYC3A49DA=="
    },
    "brorand": {
      "version": "1.1.0",
      "resolved": "https://registry.npmjs.org/brorand/-/brorand-1.1.0.tgz",
      "integrity": "sha1-EsJe/kCkXjwyPrhnWgoM5XsiNx8="
    },
    "core-js": {
      "version": "2.6.11",
      "resolved": "https://registry.npmjs.org/core-js/-/core-js-2.6.11.tgz",
      "integrity": "sha512-5wjnpaT/3dV+XB4borEsnAYQchn00XSgTAWKDkEqv+K8KevjbzmofK6hfJ9TZIlpj2N0xQpazy7PiRQiWHqzWg=="
    },
    "elliptic": {
      "version": "6.5.3",
      "resolved": "https://registry.npmjs.org/elliptic/-/elliptic-6.5.3.tgz",
      "integrity": "sha512-IMqzv5wNQf+E6aHeIqATs0tOLeOTwj1QKbRcS3jBbYkl5oLAserA8yJTT7/VyHUYG91PRmPyeQDObKLPpeS4dw==",
      "requires": {
        "bn.js": "^4.4.0",
        "brorand": "^1.0.1",
        "hash.js": "^1.0.0",
        "hmac-drbg": "^1.0.0",
        "inherits": "^2.0.1",
        "minimalistic-assert": "^1.0.0",
        "minimalistic-crypto-utils": "^1.0.0"
      }
    },
    "hash.js": {
      "version": "1.1.7",
      "resolved": "https://registry.npmjs.org/hash.js/-/hash.js-1.1.7.tgz",
      "integrity": "sha512-taOaskGt4z4SOANNseOviYDvjEJinIkRgmp7LbKP2YTTmVxWBl87s/uzK9r+44BclBSp2X7K1hqeNfz9JbBeXA==",
      "requires": {
        "inherits": "^2.0.3",
        "minimalistic-assert": "^1.0.1"
      }
    },
    "hmac-drbg": {
      "version": "1.0.1",
      "resolved": "https://registry.npmjs.org/hmac-drbg/-/hmac-drbg-1.0.1.tgz",
      "integrity": "sha1-0nRXAQJabHdabFRXk+1QL8DGSaE=",
      "requires": {
        "hash.js": "^1.0.3",
        "minimalistic-assert": "^1.0.0",
        "minimalistic-crypto-utils": "^1.0.1"
      }
    },
    "inherits": {
      "version": "2.0.4",
      "resolved": "https://registry.npmjs.org/inherits/-/inherits-2.0.4.tgz",
      "integrity": "sha512-k/vGaX4/Yla3WzyMCvTQOXYeIHvqOKtnqBduzTHpzpQZzAskKMhZ2K+EnBiSM9zGSoIFeMpXKxa4dYeZIQqewQ=="
    },
    "meteor-node-stubs": {
      "version": "0.2.3",
      "resolved": "https://registry.npmjs.org/meteor-node-stubs/-/meteor-node-stubs-0.2.3.tgz",
      "integrity": "sha1-tNJ/rbDyVq4HwtElORBd+DCDhjo=",
      "requires": {
        "assert": "^1.3.0",
        "browserify-zlib": "^0.1.4",
        "buffer": "^4.5.1",
        "console-browserify": "^1.1.0",
        "constants-browserify": "^1.0.0",
        "crypto-browserify": "^3.11.0",
        "domain-browser": "^1.1.7",
        "events": "^1.1.0",
        "http-browserify": "^1.7.0",
        "https-browserify": "0.0.1",
        "os-browserify": "^0.2.1",
        "path-browserify": "0.0.0",
        "process": "^0.11.2",
        "punycode": "^1.4.1",
        "querystring-es3": "^0.2.1",
        "readable-stream": "^2.0.6",
        "stream-browserify": "^2.0.1",
        "string_decoder": "^0.10.31",
        "timers-browserify": "^1.4.2",
        "tty-browserify": "0.0.0",
        "url": "^0.11.0",
        "util": "^0.10.3",
        "vm-browserify": "0.0.4"
      },
      "dependencies": {
        "assert": {
          "version": "1.3.0",
          "resolved": "https://registry.npmjs.org/assert/-/assert-1.3.0.tgz",
          "integrity": "sha1-A5OaYiWCqBLMICMgoLmlbJuBWEk=",
          "requires": {
            "util": "0.10.3"
          }
        },
        "browserify-zlib": {
          "version": "0.1.4",
          "resolved": "https://registry.npmjs.org/browserify-zlib/-/browserify-zlib-0.1.4.tgz",
          "integrity": "sha1-uzX4pRn2AOD6a4SFJByXnQFB+y0=",
          "requires": {
            "pako": "~0.2.0"
          },
          "dependencies": {
            "pako": {
              "version": "0.2.8",
              "resolved": "https://registry.npmjs.org/pako/-/pako-0.2.8.tgz",
              "integrity": "sha1-Fa13KRU2KRPyDeSooWS0qsxhZdY="
            }
          }
        },
        "buffer": {
          "version": "4.5.1",
          "resolved": "https://registry.npmjs.org/buffer/-/buffer-4.5.1.tgz",
          "integrity": "sha1-I3tb3vaTxMMyOFwd7U70ZG4jLXM=",
          "requires": {
            "base64-js": "^1.0.2",
            "ieee754": "^1.1.4",
            "isarray": "^1.0.0"
          },
          "dependencies": {
            "base64-js": {
              "version": "1.1.2",
              "resolved": "https://registry.npmjs.org/base64-js/-/base64-js-1.1.2.tgz",
              "integrity": "sha1-1kAMrBxMZgl22Q0HoENR2JOV9eg="
            },
            "ieee754": {
              "version": "1.1.6",
              "resolved": "https://registry.npmjs.org/ieee754/-/ieee754-1.1.6.tgz",
              "integrity": "sha1-LhATIZxtZxKXPsVNmB7BnlV53pc="
            },
            "isarray": {
              "version": "1.0.0",
              "resolved": "https://registry.npmjs.org/isarray/-/isarray-1.0.0.tgz",
              "integrity": "sha1-u5NdSFgsuhaMBoNJV6VKPgcSTxE="
            }
          }
        },
        "console-browserify": {
          "version": "1.1.0",
          "resolved": "https://registry.npmjs.org/console-browserify/-/console-browserify-1.1.0.tgz",
          "integrity": "sha1-8CQcRXMKn8YyOyBtvzjtx0HQuxA=",
          "requires": {
            "date-now": "^0.1.4"
          },
          "dependencies": {
            "date-now": {
              "version": "0.1.4",
              "resolved": "https://registry.npmjs.org/date-now/-/date-now-0.1.4.tgz",
              "integrity": "sha1-6vQ5/U1ISK105cx9vvIAZyueNFs="
            }
          }
        },
        "constants-browserify": {
          "version": "1.0.0",
          "resolved": "https://registry.npmjs.org/constants-browserify/-/constants-browserify-1.0.0.tgz",
          "integrity": "sha1-wguW2MYXdIqvHBYCF2DNJ/y4y3U="
        },
        "crypto-browserify": {
          "version": "3.11.0",
          "resolved": "https://registry.npmjs.org/crypto-browserify/-/crypto-browserify-3.11.0.tgz",
          "integrity": "sha1-NlKgkGq5sqfgw85mpAjpV6JIVSI=",
          "requires": {
            "browserify-cipher": "^1.0.0",
            "browserify-sign": "^4.0.0",
            "create-ecdh": "^4.0.0",
            "create-hash": "^1.1.0",
            "create-hmac": "^1.1.0",
            "diffie-hellman": "^5.0.0",
            "inherits": "^2.0.1",
            "pbkdf2": "^3.0.3",
            "public-encrypt": "^4.0.0",
            "randombytes": "^2.0.0"
          },
          "dependencies": {
            "browserify-cipher": {
              "version": "1.0.0",
              "resolved": "https://registry.npmjs.org/browserify-cipher/-/browserify-cipher-1.0.0.tgz",
              "integrity": "sha1-mYgkSHS/XtTijalWZtzWasj8Njo=",
              "requires": {
                "browserify-aes": "^1.0.4",
                "browserify-des": "^1.0.0",
                "evp_bytestokey": "^1.0.0"
              },
              "dependencies": {
                "browserify-aes": {
                  "version": "1.0.6",
                  "resolved": "https://registry.npmjs.org/browserify-aes/-/browserify-aes-1.0.6.tgz",
                  "integrity": "sha1-Xncl297x/Vkw1OurSFZ85FHEigo=",
                  "requires": {
                    "buffer-xor": "^1.0.2",
                    "cipher-base": "^1.0.0",
                    "create-hash": "^1.1.0",
                    "evp_bytestokey": "^1.0.0",
                    "inherits": "^2.0.1"
                  },
                  "dependencies": {
                    "buffer-xor": {
                      "version": "1.0.3",
                      "resolved": "https://registry.npmjs.org/buffer-xor/-/buffer-xor-1.0.3.tgz",
                      "integrity": "sha1-JuYe0UIvtw3ULm42cp7VHYVf6Nk="
                    },
                    "cipher-base": {
                      "version": "1.0.2",
                      "resolved": "https://registry.npmjs.org/cipher-base/-/cipher-base-1.0.2.tgz",
                      "integrity": "sha1-VKwdHr32obzTVZ5vNp1yaX8sq48=",
                      "requires": {
                        "inherits": "^2.0.1"
                      }
                    }
                  }
                },
                "browserify-des": {
                  "version": "1.0.0",
                  "resolved": "https://registry.npmjs.org/browserify-des/-/browserify-des-1.0.0.tgz",
                  "integrity": "sha1-2qJ3cXRwki7S/hhZQRihdUOXId0=",
                  "requires": {
                    "cipher-base": "^1.0.1",
                    "des.js": "^1.0.0",
                    "inherits": "^2.0.1"
                  },
                  "dependencies": {
                    "cipher-base": {
                      "version": "1.0.2",
                      "resolved": "https://registry.npmjs.org/cipher-base/-/cipher-base-1.0.2.tgz",
                      "integrity": "sha1-VKwdHr32obzTVZ5vNp1yaX8sq48=",
                      "requires": {
                        "inherits": "^2.0.1"
                      }
                    },
                    "des.js": {
                      "version": "1.0.0",
                      "resolved": "https://registry.npmjs.org/des.js/-/des.js-1.0.0.tgz",
                      "integrity": "sha1-wHTS4qpqipoH29YfmhXCzYPsjsw=",
                      "requires": {
                        "inherits": "^2.0.1",
                        "minimalistic-assert": "^1.0.0"
                      },
                      "dependencies": {
                        "minimalistic-assert": {
                          "version": "1.0.0",
                          "resolved": "https://registry.npmjs.org/minimalistic-assert/-/minimalistic-assert-1.0.0.tgz",
                          "integrity": "sha1-cCvi3aazf0g2vLP121ZkG2Sh09M="
                        }
                      }
                    }
                  }
                },
                "evp_bytestokey": {
                  "version": "1.0.0",
                  "resolved": "https://registry.npmjs.org/evp_bytestokey/-/evp_bytestokey-1.0.0.tgz",
                  "integrity": "sha1-SXtmrZ/vZc18CKYYCCS6FHa2blM=",
                  "requires": {
                    "create-hash": "^1.1.1"
                  }
                }
              }
            },
            "browserify-sign": {
              "version": "4.0.0",
              "resolved": "https://registry.npmjs.org/browserify-sign/-/browserify-sign-4.0.0.tgz",
              "integrity": "sha1-EHc5EMPCBtVCCkaq2GlPgguFlo8=",
              "requires": {
                "bn.js": "^4.1.1",
                "browserify-rsa": "^4.0.0",
                "create-hash": "^1.1.0",
                "create-hmac": "^1.1.2",
                "elliptic": "^6.0.0",
                "inherits": "^2.0.1",
                "parse-asn1": "^5.0.0"
              },
              "dependencies": {
                "bn.js": {
                  "version": "4.11.1",
                  "resolved": "https://registry.npmjs.org/bn.js/-/bn.js-4.11.1.tgz",
                  "integrity": "sha1-/xxSxS/TcenZFBlDm6xc+6K0F5g="
                },
                "browserify-rsa": {
                  "version": "4.0.1",
                  "resolved": "https://registry.npmjs.org/browserify-rsa/-/browserify-rsa-4.0.1.tgz",
                  "integrity": "sha1-IeCr+vbyApzy+vsTNWenAdQTVSQ=",
                  "requires": {
                    "bn.js": "^4.1.0",
                    "randombytes": "^2.0.1"
                  }
                },
                "parse-asn1": {
                  "version": "5.0.0",
                  "resolved": "https://registry.npmjs.org/parse-asn1/-/parse-asn1-5.0.0.tgz",
                  "integrity": "sha1-NQYPbVAV03Yox3D04JGgtaJ4vCM=",
                  "requires": {
                    "asn1.js": "^4.0.0",
                    "browserify-aes": "^1.0.0",
                    "create-hash": "^1.1.0",
                    "evp_bytestokey": "^1.0.0",
                    "pbkdf2": "^3.0.3"
                  },
                  "dependencies": {
                    "asn1.js": {
                      "version": "4.5.2",
                      "resolved": "https://registry.npmjs.org/asn1.js/-/asn1.js-4.5.2.tgz",
                      "integrity": "sha1-F0kr39S7Xx1+VqtrCFKX/unmQOk=",
                      "requires": {
                        "bn.js": "^4.0.0",
                        "inherits": "^2.0.1",
                        "minimalistic-assert": "^1.0.0"
                      },
                      "dependencies": {
                        "minimalistic-assert": {
                          "version": "1.0.0",
                          "resolved": "https://registry.npmjs.org/minimalistic-assert/-/minimalistic-assert-1.0.0.tgz",
                          "integrity": "sha1-cCvi3aazf0g2vLP121ZkG2Sh09M="
                        }
                      }
                    },
                    "browserify-aes": {
                      "version": "1.0.6",
                      "resolved": "https://registry.npmjs.org/browserify-aes/-/browserify-aes-1.0.6.tgz",
                      "integrity": "sha1-Xncl297x/Vkw1OurSFZ85FHEigo=",
                      "requires": {
                        "buffer-xor": "^1.0.2",
                        "cipher-base": "^1.0.0",
                        "create-hash": "^1.1.0",
                        "evp_bytestokey": "^1.0.0",
                        "inherits": "^2.0.1"
                      },
                      "dependencies": {
                        "buffer-xor": {
                          "version": "1.0.3",
                          "resolved": "https://registry.npmjs.org/buffer-xor/-/buffer-xor-1.0.3.tgz",
                          "integrity": "sha1-JuYe0UIvtw3ULm42cp7VHYVf6Nk="
                        },
                        "cipher-base": {
                          "version": "1.0.2",
                          "resolved": "https://registry.npmjs.org/cipher-base/-/cipher-base-1.0.2.tgz",
                          "integrity": "sha1-VKwdHr32obzTVZ5vNp1yaX8sq48=",
                          "requires": {
                            "inherits": "^2.0.1"
                          }
                        }
                      }
                    },
                    "evp_bytestokey": {
                      "version": "1.0.0",
                      "resolved": "https://registry.npmjs.org/evp_bytestokey/-/evp_bytestokey-1.0.0.tgz",
                      "integrity": "sha1-SXtmrZ/vZc18CKYYCCS6FHa2blM=",
                      "requires": {
                        "create-hash": "^1.1.1"
                      }
                    }
                  }
                }
              }
            },
            "create-ecdh": {
              "version": "4.0.0",
              "resolved": "https://registry.npmjs.org/create-ecdh/-/create-ecdh-4.0.0.tgz",
              "integrity": "sha1-iIxyNZbN92EvZJgjPuvXo1MBc30=",
              "requires": {
                "bn.js": "^4.1.0",
                "elliptic": "^6.0.0"
              },
              "dependencies": {
                "bn.js": {
                  "version": "4.11.1",
                  "resolved": "https://registry.npmjs.org/bn.js/-/bn.js-4.11.1.tgz",
                  "integrity": "sha1-/xxSxS/TcenZFBlDm6xc+6K0F5g="
                },
                "elliptic": {
                  "version": "6.5.3",
                  "resolved": "https://registry.npmjs.org/elliptic/-/elliptic-6.5.3.tgz",
                  "integrity": "sha512-IMqzv5wNQf+E6aHeIqATs0tOLeOTwj1QKbRcS3jBbYkl5oLAserA8yJTT7/VyHUYG91PRmPyeQDObKLPpeS4dw==",
                  "requires": {
                    "bn.js": "^4.4.0",
                    "brorand": "^1.0.1",
                    "hash.js": "^1.0.0",
                    "hmac-drbg": "^1.0.0",
                    "inherits": "^2.0.1",
                    "minimalistic-assert": "^1.0.0",
                    "minimalistic-crypto-utils": "^1.0.0"
                  }
                }
              }
            },
            "create-hash": {
              "version": "1.1.2",
              "resolved": "https://registry.npmjs.org/create-hash/-/create-hash-1.1.2.tgz",
              "integrity": "sha1-USEAYte7dHn2xlu0GpIgix1hq60=",
              "requires": {
                "cipher-base": "^1.0.1",
                "inherits": "^2.0.1",
                "ripemd160": "^1.0.0",
                "sha.js": "^2.3.6"
              },
              "dependencies": {
                "cipher-base": {
                  "version": "1.0.2",
                  "resolved": "https://registry.npmjs.org/cipher-base/-/cipher-base-1.0.2.tgz",
                  "integrity": "sha1-VKwdHr32obzTVZ5vNp1yaX8sq48=",
                  "requires": {
                    "inherits": "^2.0.1"
                  }
                },
                "ripemd160": {
                  "version": "1.0.1",
                  "resolved": "https://registry.npmjs.org/ripemd160/-/ripemd160-1.0.1.tgz",
                  "integrity": "sha1-k6S71JQrxXS2mo+lfHHeEOzKfW4="
                },
                "sha.js": {
                  "version": "2.4.5",
                  "resolved": "https://registry.npmjs.org/sha.js/-/sha.js-2.4.5.tgz",
                  "integrity": "sha1-J9Fx78yCoRi5ljn/WBZgJCtQbnw=",
                  "requires": {
                    "inherits": "^2.0.1"
                  }
                }
              }
            },
            "create-hmac": {
              "version": "1.1.4",
              "resolved": "https://registry.npmjs.org/create-hmac/-/create-hmac-1.1.4.tgz",
              "integrity": "sha1-0/tLolPriz9W456i+8uK90e9MXA=",
              "requires": {
                "create-hash": "^1.1.0",
                "inherits": "^2.0.1"
              }
            },
            "diffie-hellman": {
              "version": "5.0.2",
              "resolved": "https://registry.npmjs.org/diffie-hellman/-/diffie-hellman-5.0.2.tgz",
              "integrity": "sha1-tYNXOScM/ias9jIJn97SoH8gnl4=",
              "requires": {
                "bn.js": "^4.1.0",
                "miller-rabin": "^4.0.0",
                "randombytes": "^2.0.0"
              },
              "dependencies": {
                "bn.js": {
                  "version": "4.11.1",
                  "resolved": "https://registry.npmjs.org/bn.js/-/bn.js-4.11.1.tgz",
                  "integrity": "sha1-/xxSxS/TcenZFBlDm6xc+6K0F5g="
                },
                "miller-rabin": {
                  "version": "4.0.0",
                  "resolved": "https://registry.npmjs.org/miller-rabin/-/miller-rabin-4.0.0.tgz",
                  "integrity": "sha1-SmL7HUKTPAVYOYL0xxb2+55sbT0=",
                  "requires": {
                    "bn.js": "^4.0.0",
                    "brorand": "^1.0.1"
                  },
                  "dependencies": {
                    "brorand": {
                      "version": "1.0.5",
                      "resolved": "https://registry.npmjs.org/brorand/-/brorand-1.0.5.tgz",
                      "integrity": "sha1-B7VMowKGq9Fxig4qgwgD79yb+gQ="
                    }
                  }
                }
              }
            },
            "inherits": {
              "version": "2.0.1",
              "resolved": "https://registry.npmjs.org/inherits/-/inherits-2.0.1.tgz",
              "integrity": "sha1-sX0I0ya0Qj5Wjv9xn5GwscvfafE="
            },
            "pbkdf2": {
              "version": "3.0.4",
              "resolved": "https://registry.npmjs.org/pbkdf2/-/pbkdf2-3.0.4.tgz",
              "integrity": "sha1-Esi/r5IFQ3hqhRULA/aNXxqpgvw=",
              "requires": {
                "create-hmac": "^1.1.2"
              }
            },
            "public-encrypt": {
              "version": "4.0.0",
              "resolved": "https://registry.npmjs.org/public-encrypt/-/public-encrypt-4.0.0.tgz",
              "integrity": "sha1-OfaZ86RlYN1eusvKaTyvfGXBjMY=",
              "requires": {
                "bn.js": "^4.1.0",
                "browserify-rsa": "^4.0.0",
                "create-hash": "^1.1.0",
                "parse-asn1": "^5.0.0",
                "randombytes": "^2.0.1"
              },
              "dependencies": {
                "bn.js": {
                  "version": "4.11.1",
                  "resolved": "https://registry.npmjs.org/bn.js/-/bn.js-4.11.1.tgz",
                  "integrity": "sha1-/xxSxS/TcenZFBlDm6xc+6K0F5g="
                },
                "browserify-rsa": {
                  "version": "4.0.1",
                  "resolved": "https://registry.npmjs.org/browserify-rsa/-/browserify-rsa-4.0.1.tgz",
                  "integrity": "sha1-IeCr+vbyApzy+vsTNWenAdQTVSQ=",
                  "requires": {
                    "bn.js": "^4.1.0",
                    "randombytes": "^2.0.1"
                  }
                },
                "parse-asn1": {
                  "version": "5.0.0",
                  "resolved": "https://registry.npmjs.org/parse-asn1/-/parse-asn1-5.0.0.tgz",
                  "integrity": "sha1-NQYPbVAV03Yox3D04JGgtaJ4vCM=",
                  "requires": {
                    "asn1.js": "^4.0.0",
                    "browserify-aes": "^1.0.0",
                    "create-hash": "^1.1.0",
                    "evp_bytestokey": "^1.0.0",
                    "pbkdf2": "^3.0.3"
                  },
                  "dependencies": {
                    "asn1.js": {
                      "version": "4.5.2",
                      "resolved": "https://registry.npmjs.org/asn1.js/-/asn1.js-4.5.2.tgz",
                      "integrity": "sha1-F0kr39S7Xx1+VqtrCFKX/unmQOk=",
                      "requires": {
                        "bn.js": "^4.0.0",
                        "inherits": "^2.0.1",
                        "minimalistic-assert": "^1.0.0"
                      },
                      "dependencies": {
                        "minimalistic-assert": {
                          "version": "1.0.0",
                          "resolved": "https://registry.npmjs.org/minimalistic-assert/-/minimalistic-assert-1.0.0.tgz",
                          "integrity": "sha1-cCvi3aazf0g2vLP121ZkG2Sh09M="
                        }
                      }
                    },
                    "browserify-aes": {
                      "version": "1.0.6",
                      "resolved": "https://registry.npmjs.org/browserify-aes/-/browserify-aes-1.0.6.tgz",
                      "integrity": "sha1-Xncl297x/Vkw1OurSFZ85FHEigo=",
                      "requires": {
                        "buffer-xor": "^1.0.2",
                        "cipher-base": "^1.0.0",
                        "create-hash": "^1.1.0",
                        "evp_bytestokey": "^1.0.0",
                        "inherits": "^2.0.1"
                      },
                      "dependencies": {
                        "buffer-xor": {
                          "version": "1.0.3",
                          "resolved": "https://registry.npmjs.org/buffer-xor/-/buffer-xor-1.0.3.tgz",
                          "integrity": "sha1-JuYe0UIvtw3ULm42cp7VHYVf6Nk="
                        },
                        "cipher-base": {
                          "version": "1.0.2",
                          "resolved": "https://registry.npmjs.org/cipher-base/-/cipher-base-1.0.2.tgz",
                          "integrity": "sha1-VKwdHr32obzTVZ5vNp1yaX8sq48=",
                          "requires": {
                            "inherits": "^2.0.1"
                          }
                        }
                      }
                    },
                    "evp_bytestokey": {
                      "version": "1.0.0",
                      "resolved": "https://registry.npmjs.org/evp_bytestokey/-/evp_bytestokey-1.0.0.tgz",
                      "integrity": "sha1-SXtmrZ/vZc18CKYYCCS6FHa2blM=",
                      "requires": {
                        "create-hash": "^1.1.1"
                      }
                    }
                  }
                }
              }
            },
            "randombytes": {
              "version": "2.0.3",
              "resolved": "https://registry.npmjs.org/randombytes/-/randombytes-2.0.3.tgz",
              "integrity": "sha1-Z0yZdgkBw8QRJ3GjHlIdw0nMCew="
            }
          }
        },
        "domain-browser": {
          "version": "1.1.7",
          "resolved": "https://registry.npmjs.org/domain-browser/-/domain-browser-1.1.7.tgz",
          "integrity": "sha1-hnqksJP6oF8d4IwG9NeyH9+GmLw="
        },
        "events": {
          "version": "1.1.0",
          "resolved": "https://registry.npmjs.org/events/-/events-1.1.0.tgz",
          "integrity": "sha1-SzifwgD5EHQuv/Orsu/jNpD0VCk="
        },
        "http-browserify": {
          "version": "1.7.0",
          "resolved": "https://registry.npmjs.org/http-browserify/-/http-browserify-1.7.0.tgz",
          "integrity": "sha1-M3la3nLfiKz7/TZ3PO/tp2RzWyA=",
          "requires": {
            "Base64": "~0.2.0",
            "inherits": "~2.0.1"
          },
          "dependencies": {
            "Base64": {
              "version": "0.2.1",
              "resolved": "https://registry.npmjs.org/Base64/-/Base64-0.2.1.tgz",
              "integrity": "sha1-ujpCMHCOGGcFBl5mur3Uw1z2ACg="
            },
            "inherits": {
              "version": "2.0.1",
              "resolved": "https://registry.npmjs.org/inherits/-/inherits-2.0.1.tgz",
              "integrity": "sha1-sX0I0ya0Qj5Wjv9xn5GwscvfafE="
            }
          }
        },
        "https-browserify": {
          "version": "0.0.1",
          "resolved": "https://registry.npmjs.org/https-browserify/-/https-browserify-0.0.1.tgz",
          "integrity": "sha1-P5E2XKvmC3ftDruiS0VOPgnZWoI="
        },
        "os-browserify": {
          "version": "0.2.1",
          "resolved": "https://registry.npmjs.org/os-browserify/-/os-browserify-0.2.1.tgz",
          "integrity": "sha1-Y/xMzuXS13Y9Jrv4YBB45sLgBE8="
        },
        "path-browserify": {
          "version": "0.0.0",
          "resolved": "https://registry.npmjs.org/path-browserify/-/path-browserify-0.0.0.tgz",
          "integrity": "sha1-oLhwcpquIUAFt9UDLsLLuw+0RRo="
        },
        "process": {
          "version": "0.11.2",
          "resolved": "https://registry.npmjs.org/process/-/process-0.11.2.tgz",
          "integrity": "sha1-iljR0SxXPz+JDamEik/o4Wypd7I="
        },
        "punycode": {
          "version": "1.4.1",
          "resolved": "https://registry.npmjs.org/punycode/-/punycode-1.4.1.tgz",
          "integrity": "sha1-wNWmOycYgArY4esPpSachN1BhF4="
        },
        "querystring-es3": {
          "version": "0.2.1",
          "resolved": "https://registry.npmjs.org/querystring-es3/-/querystring-es3-0.2.1.tgz",
          "integrity": "sha1-nsYfeQSYdXB9aUFFlv2Qek1xHnM="
        },
        "readable-stream": {
          "version": "2.0.6",
          "resolved": "https://registry.npmjs.org/readable-stream/-/readable-stream-2.0.6.tgz",
          "integrity": "sha1-j5A0HmilPMySh4jaz80Rs265t44=",
          "requires": {
            "core-util-is": "~1.0.0",
            "inherits": "~2.0.1",
            "isarray": "~1.0.0",
            "process-nextick-args": "~1.0.6",
            "string_decoder": "~0.10.x",
            "util-deprecate": "~1.0.1"
          },
          "dependencies": {
            "core-util-is": {
              "version": "1.0.2",
              "resolved": "https://registry.npmjs.org/core-util-is/-/core-util-is-1.0.2.tgz",
              "integrity": "sha1-tf1UIgqivFq1eqtxQMlAdUUDwac="
            },
            "inherits": {
              "version": "2.0.1",
              "resolved": "https://registry.npmjs.org/inherits/-/inherits-2.0.1.tgz",
              "integrity": "sha1-sX0I0ya0Qj5Wjv9xn5GwscvfafE="
            },
            "isarray": {
              "version": "1.0.0",
              "resolved": "https://registry.npmjs.org/isarray/-/isarray-1.0.0.tgz",
              "integrity": "sha1-u5NdSFgsuhaMBoNJV6VKPgcSTxE="
            },
            "process-nextick-args": {
              "version": "1.0.6",
              "resolved": "https://registry.npmjs.org/process-nextick-args/-/process-nextick-args-1.0.6.tgz",
              "integrity": "sha1-D5awAc6pCxJZLOVm7bl+wR5pvQU="
            },
            "util-deprecate": {
              "version": "1.0.2",
              "resolved": "https://registry.npmjs.org/util-deprecate/-/util-deprecate-1.0.2.tgz",
              "integrity": "sha1-RQ1Nyfpw3nMnYvvS1KKJgUGaDM8="
            }
          }
        },
        "stream-browserify": {
          "version": "2.0.1",
          "resolved": "https://registry.npmjs.org/stream-browserify/-/stream-browserify-2.0.1.tgz",
          "integrity": "sha1-ZiZu5fm9uZQKTkUUyvtDu3Hlyds=",
          "requires": {
            "inherits": "~2.0.1",
            "readable-stream": "^2.0.2"
          },
          "dependencies": {
            "inherits": {
              "version": "2.0.1",
              "resolved": "https://registry.npmjs.org/inherits/-/inherits-2.0.1.tgz",
              "integrity": "sha1-sX0I0ya0Qj5Wjv9xn5GwscvfafE="
            }
          }
        },
        "string_decoder": {
          "version": "0.10.31",
          "resolved": "https://registry.npmjs.org/string_decoder/-/string_decoder-0.10.31.tgz",
          "integrity": "sha1-YuIDvEF2bGwoyfyEMB2rHFMQ+pQ="
        },
        "timers-browserify": {
          "version": "1.4.2",
          "resolved": "https://registry.npmjs.org/timers-browserify/-/timers-browserify-1.4.2.tgz",
          "integrity": "sha1-ycWLV1voQHN1y14kYtrO50NZ9B0=",
          "requires": {
            "process": "~0.11.0"
          }
        },
        "tty-browserify": {
          "version": "0.0.0",
          "resolved": "https://registry.npmjs.org/tty-browserify/-/tty-browserify-0.0.0.tgz",
          "integrity": "sha1-oVe6QC2iTpv5V/mqadUk7tQpAaY="
        },
        "url": {
          "version": "0.11.0",
          "resolved": "https://registry.npmjs.org/url/-/url-0.11.0.tgz",
          "integrity": "sha1-ODjpfPxgUh63PFJajlW/3Z4uKPE=",
          "requires": {
            "punycode": "1.3.2",
            "querystring": "0.2.0"
          },
          "dependencies": {
            "punycode": {
              "version": "1.3.2",
              "resolved": "https://registry.npmjs.org/punycode/-/punycode-1.3.2.tgz",
              "integrity": "sha1-llOgNvt8HuQjQvIyXM7v6jkmxI0="
            },
            "querystring": {
              "version": "0.2.0",
              "resolved": "https://registry.npmjs.org/querystring/-/querystring-0.2.0.tgz",
              "integrity": "sha1-sgmEkgO7Jd+CDadW50cAWHhSFiA="
            }
          }
        },
        "util": {
          "version": "0.10.3",
          "resolved": "https://registry.npmjs.org/util/-/util-0.10.3.tgz",
          "integrity": "sha1-evsa/lCAUkZInj23/g7TeTNqwPk=",
          "requires": {
            "inherits": "2.0.1"
          },
          "dependencies": {
            "inherits": {
              "version": "2.0.1",
              "resolved": "https://registry.npmjs.org/inherits/-/inherits-2.0.1.tgz",
              "integrity": "sha1-sX0I0ya0Qj5Wjv9xn5GwscvfafE="
            }
          }
        },
        "vm-browserify": {
          "version": "0.0.4",
          "resolved": "https://registry.npmjs.org/vm-browserify/-/vm-browserify-0.0.4.tgz",
          "integrity": "sha1-XX6kW7755Kb/ZflUOOCofDV9WnM=",
          "requires": {
            "indexof": "0.0.1"
          },
          "dependencies": {
            "indexof": {
              "version": "0.0.1",
              "resolved": "https://registry.npmjs.org/indexof/-/indexof-0.0.1.tgz",
              "integrity": "sha1-gtwzbSMrkGIXnQWrMpOmYFn9Q10="
            }
          }
        }
      }
    },
    "minimalistic-assert": {
      "version": "1.0.1",
      "resolved": "https://registry.npmjs.org/minimalistic-assert/-/minimalistic-assert-1.0.1.tgz",
      "integrity": "sha512-UtJcAD4yEaGtjPezWuO9wC4nwUnVH/8/Im3yEHQP4b67cXlD/Qr9hdITCU1xDbSEXg2XKNaP8jsReV7vQd00/A=="
    },
    "minimalistic-crypto-utils": {
      "version": "1.0.1",
      "resolved": "https://registry.npmjs.org/minimalistic-crypto-utils/-/minimalistic-crypto-utils-1.0.1.tgz",
      "integrity": "sha1-9sAMHAsIIkblxNmd+4x8CDsrWCo="
    },
    "regenerator-runtime": {
      "version": "0.11.1",
      "resolved": "https://registry.npmjs.org/regenerator-runtime/-/regenerator-runtime-0.11.1.tgz",
      "integrity": "sha512-MguG95oij0fC3QV3URf4V2SDYGJhJnJGqvIIgdECeODCT98wSWDAJ94SSuVpYQUoTcGUIL6L4yNB7j1DFFHSBg=="
    }
  }
}
